
Microsoft Visual Studio Solution File, Format Version 12.00
# Visual Studio Version 17
VisualStudioVersion = 17.5.002.0
MinimumVisualStudioVersion = 10.0.40219.1
Project("{2150E333-8FDC-42A3-9474-1A3956D46DE8}") = "csharp", "csharp", "{839D5FAE-6B8A-4ABE-8C4B-42AD4EB9E7F2}"
EndProject
Project("{9A19103F-16F7-4668-BE54-9A1E7A4F7556}") = "deployment", "csharp\deployment\deployment.csproj", "{565ABF11-C76D-43CC-81AF-4E2B0C10CFAC}"
EndProject
Global
	GlobalSection(SolutionConfigurationPlatforms) = preSolution
		Debug|Any CPU = Debug|Any CPU
		Release|Any CPU = Release|Any CPU
	EndGlobalSection
	GlobalSection(ProjectConfigurationPlatforms) = postSolution
		{565ABF11-C76D-43CC-81AF-4E2B0C10CFAC}.Debug|Any CPU.ActiveCfg = Debug|Any CPU
		{565ABF11-C76D-43CC-81AF-4E2B0C10CFAC}.Debug|Any CPU.Build.0 = Debug|Any CPU
		{565ABF11-C76D-43CC-81AF-4E2B0C10CFAC}.Release|Any CPU.ActiveCfg = Release|Any CPU
		{565ABF11-C76D-43CC-81AF-4E2B0C10CFAC}.Release|Any CPU.Build.0 = Release|Any CPU
	EndGlobalSection
	GlobalSection(SolutionProperties) = preSolution
		HideSolutionNode = FALSE
	EndGlobalSection
	GlobalSection(NestedProjects) = preSolution
		{565ABF11-C76D-43CC-81AF-4E2B0C10CFAC} = {839D5FAE-6B8A-4ABE-8C4B-42AD4EB9E7F2}
	EndGlobalSection
	GlobalSection(ExtensibilityGlobals) = postSolution
		SolutionGuid = {830B82F9-5CC7-4EA9-A89F-CED2D2F21864}
	EndGlobalSection
EndGlobal
